
Microsoft Visual Studio Solution File, Format Version 12.00
# Visual Studio 15
VisualStudioVersion = 15.0.28307.1209
MinimumVisualStudioVersion = 10.0.40219.1
Project("{FAE04EC0-301F-11D3-BF4B-00C04F79EFBC}") = "Gomoku.Console", "Gomoku.Console\Gomoku.Console.csproj", "{451A71ED-3B3D-42E6-93BE-20AE8797FA37}"
EndProject
Project("{FAE04EC0-301F-11D3-BF4B-00C04F79EFBC}") = "Gomoku.Core", "Gomoku.Core\Gomoku.Core.csproj", "{40E6163C-CDD4-45A3-B209-0638F6531A28}"
EndProject
Project("{FAE04EC0-301F-11D3-BF4B-00C04F79EFBC}") = "Gomoku.AI", "Gomoku.AI\Gomoku.AI.csproj", "{3903AA8F-F6BA-4952-B0FA-76EB212DBAE9}"
EndProject
Global
	GlobalSection(SolutionConfigurationPlatforms) = preSolution
		Debug|Any CPU = Debug|Any CPU
		Release|Any CPU = Release|Any CPU
	EndGlobalSection
	GlobalSection(ProjectConfigurationPlatforms) = postSolution
		{451A71ED-3B3D-42E6-93BE-20AE8797FA37}.Debug|Any CPU.ActiveCfg = Debug|Any CPU
		{451A71ED-3B3D-42E6-93BE-20AE8797FA37}.Debug|Any CPU.Build.0 = Debug|Any CPU
		{451A71ED-3B3D-42E6-93BE-20AE8797FA37}.Release|Any CPU.ActiveCfg = Release|Any CPU
		{451A71ED-3B3D-42E6-93BE-20AE8797FA37}.Release|Any CPU.Build.0 = Release|Any CPU
		{40E6163C-CDD4-45A3-B209-0638F6531A28}.Debug|Any CPU.ActiveCfg = Debug|Any CPU
		{40E6163C-CDD4-45A3-B209-0638F6531A28}.Debug|Any CPU.Build.0 = Debug|Any CPU
		{40E6163C-CDD4-45A3-B209-0638F6531A28}.Release|Any CPU.ActiveCfg = Release|Any CPU
		{40E6163C-CDD4-45A3-B209-0638F6531A28}.Release|Any CPU.Build.0 = Release|Any CPU
		{3903AA8F-F6BA-4952-B0FA-76EB212DBAE9}.Debug|Any CPU.ActiveCfg = Debug|Any CPU
		{3903AA8F-F6BA-4952-B0FA-76EB212DBAE9}.Debug|Any CPU.Build.0 = Debug|Any CPU
		{3903AA8F-F6BA-4952-B0FA-76EB212DBAE9}.Release|Any CPU.ActiveCfg = Release|Any CPU
		{3903AA8F-F6BA-4952-B0FA-76EB212DBAE9}.Release|Any CPU.Build.0 = Release|Any CPU
	EndGlobalSection
	GlobalSection(SolutionProperties) = preSolution
		HideSolutionNode = FALSE
	EndGlobalSection
	GlobalSection(ExtensibilityGlobals) = postSolution
		SolutionGuid = {60464DD6-09F5-498E-B4EC-3515AF92AB63}
	EndGlobalSection
EndGlobal
